<?xml version="1.0" encoding="utf-8"?>
<Project ToolsVersion="4.0" xmlns="http://schemas.microsoft.com/developer/msbuild/2003">
  <ItemGroup>
    <ClInclude Include="Level_Title.h">
      <Filter>Level</Filter>
    </ClInclude>
    <ClInclude Include="MapleCore.h">
      <Filter>Core</Filter>
    </ClInclude>
    <ClInclude Include="PlayerValue.h">
      <Filter>Global</Filter>
    </ClInclude>
    <ClInclude Include="TitleObjects.h">
      <Filter>Actor\TitleActors</Filter>
    </ClInclude>
    <ClInclude Include="Mouse.h">
      <Filter>Actor\UI</Filter>
    </ClInclude>
    <ClInclude Include="Logo.h">
      <Filter>Actor\TitleActors</Filter>
    </ClInclude>
    <ClInclude Include="Player.h">
      <Filter>Actor\Player</Filter>
    </ClInclude>
    <ClInclude Include="Level_BeginnersTown1.h">
      <Filter>Level</Filter>
    </ClInclude>
    <ClInclude Include="BeginnersTown1.h">
      <Filter>Actor\Map</Filter>
    </ClInclude>
    <ClInclude Include="ContentEnums.h">
      <Filter>Global</Filter>
    </ClInclude>
    <ClInclude Include="BottomBar.h">
      <Filter>Actor\UI</Filter>
    </ClInclude>
    <ClInclude Include="MiniMap.h">
      <Filter>Actor\UI</Filter>
    </ClInclude>
    <ClInclude Include="Hina.h">
      <Filter>Actor\NPC</Filter>
    </ClInclude>
    <ClInclude Include="Star.h">
      <Filter>Actor\Player\Object</Filter>
    </ClInclude>
    <ClInclude Include="SkillActor.h">
      <Filter>Actor\Player\Skill\Actor</Filter>
    </ClInclude>
    <ClInclude Include="BuffList.h">
      <Filter>Actor\Player\Skill\Actor</Filter>
    </ClInclude>
    <ClInclude Include="MonsterBasicFunction.h">
      <Filter>Actor\Monster</Filter>
    </ClInclude>
    <ClInclude Include="MonsterSpawnZone.h">
      <Filter>Actor\Map\Object</Filter>
    </ClInclude>
    <ClInclude Include="StarHitEffect.h">
      <Filter>Actor\Player\Object</Filter>
    </ClInclude>
    <ClInclude Include="PrecompileHeader.h">
      <Filter>Etc</Filter>
    </ClInclude>
    <ClInclude Include="ContentRenderer.h">
      <Filter>ContentRenderer</Filter>
    </ClInclude>
    <ClInclude Include="BeginnersTown2.h">
      <Filter>Actor\Map</Filter>
    </ClInclude>
    <ClInclude Include="Level_BeginnersTown2.h">
      <Filter>Level</Filter>
    </ClInclude>
    <ClInclude Include="Rozar.h">
      <Filter>Actor\NPC</Filter>
    </ClInclude>
    <ClInclude Include="Portal.h">
      <Filter>Actor\Map\Object</Filter>
    </ClInclude>
    <ClInclude Include="SkillWindow.h">
      <Filter>Actor\UI\Window\SkillWindow</Filter>
    </ClInclude>
    <ClInclude Include="SkillList.h">
      <Filter>Actor\UI\Window\SkillWindow</Filter>
    </ClInclude>
    <ClInclude Include="UIWindowManager.h">
      <Filter>Actor\UI\Window</Filter>
    </ClInclude>
    <ClInclude Include="QuickSlot.h">
      <Filter>Actor\UI</Filter>
    </ClInclude>
    <ClInclude Include="UIController.h">
      <Filter>Global</Filter>
    </ClInclude>
    <ClInclude Include="StatusWindow.h">
      <Filter>Actor\UI\Window\StatusWindow</Filter>
    </ClInclude>
    <ClInclude Include="InventoryWindow.h">
      <Filter>Actor\UI\Window\InventoryWindow</Filter>
    </ClInclude>
    <ClInclude Include="Item.h">
      <Filter>Actor\UI\Window\InventoryWindow</Filter>
    </ClInclude>
    <ClInclude Include="ItemList.h">
      <Filter>Actor\UI\Window\InventoryWindow</Filter>
    </ClInclude>
    <ClInclude Include="EquipWindow.h">
      <Filter>Actor\UI\Window\EquipWindow</Filter>
    </ClInclude>
    <ClInclude Include="EquipItemList.h">
      <Filter>Actor\UI\Window\EquipWindow</Filter>
    </ClInclude>
    <ClInclude Include="DropItem.h">
      <Filter>Actor\UI\Window\InventoryWindow</Filter>
    </ClInclude>
    <ClInclude Include="GlobalFunction.h">
      <Filter>Global</Filter>
    </ClInclude>
    <ClInclude Include="DamageRender.h">
      <Filter>Actor\Monster\DamageRender</Filter>
    </ClInclude>
    <ClInclude Include="Level_CrossRoad.h">
      <Filter>Level</Filter>
    </ClInclude>
    <ClInclude Include="CrossRoad.h">
      <Filter>Actor\Map</Filter>
    </ClInclude>
    <ClInclude Include="BasicFunction.h">
      <Filter>Util</Filter>
    </ClInclude>
    <ClInclude Include="ContentIME.h">
      <Filter>Etc\ContentIME</Filter>
    </ClInclude>
    <ClInclude Include="Level_AlterOfZakum.h">
      <Filter>Level</Filter>
    </ClInclude>
    <ClInclude Include="AlterOfZakum.h">
      <Filter>Actor\Map</Filter>
    </ClInclude>
    <ClInclude Include="ZakumRArm_0.h">
      <Filter>Actor\Monster\Boss</Filter>
    </ClInclude>
    <ClInclude Include="ZakumRArm_1.h">
      <Filter>Actor\Monster\Boss</Filter>
    </ClInclude>
    <ClInclude Include="ZakumRArm_2.h">
      <Filter>Actor\Monster\Boss</Filter>
    </ClInclude>
    <ClInclude Include="ZakumRArm_3.h">
      <Filter>Actor\Monster\Boss</Filter>
    </ClInclude>
    <ClInclude Include="ZakumLArm_0.h">
      <Filter>Actor\Monster\Boss</Filter>
    </ClInclude>
    <ClInclude Include="ZakumLArm_1.h">
      <Filter>Actor\Monster\Boss</Filter>
    </ClInclude>
    <ClInclude Include="ZakumLArm_2.h">
      <Filter>Actor\Monster\Boss</Filter>
    </ClInclude>
    <ClInclude Include="ZakumLArm_3.h">
      <Filter>Actor\Monster\Boss</Filter>
    </ClInclude>
    <ClInclude Include="ZakumBasicFunction.h">
      <Filter>Actor\Monster\Boss</Filter>
    </ClInclude>
    <ClInclude Include="ContentUIRenderer.h">
      <Filter>ContentRenderer</Filter>
    </ClInclude>
    <ClInclude Include="GreenSnail.h">
      <Filter>Actor\Monster\Mob</Filter>
    </ClInclude>
    <ClInclude Include="Boogie.h">
      <Filter>Actor\Monster\Mob</Filter>
    </ClInclude>
    <ClInclude Include="SmallZakum0.h">
      <Filter>Actor\Monster\Mob</Filter>
    </ClInclude>
    <ClInclude Include="SmallZakum1.h">
      <Filter>Actor\Monster\Mob</Filter>
    </ClInclude>
    <ClInclude Include="SmallZakum2.h">
      <Filter>Actor\Monster\Mob</Filter>
    </ClInclude>
    <ClInclude Include="Zakum.h">
      <Filter>Actor\Monster\Boss\ZakumBody</Filter>
    </ClInclude>
    <ClInclude Include="ContentFontRenderer.h">
      <Filter>ContentRenderer</Filter>
    </ClInclude>
    <ClInclude Include="ContentButton.h">
      <Filter>ContentRenderer</Filter>
    </ClInclude>
  </ItemGroup>
  <ItemGroup>
    <ClCompile Include="Level_Title.cpp">
      <Filter>Level</Filter>
    </ClCompile>
    <ClCompile Include="MapleCore.cpp">
      <Filter>Core</Filter>
    </ClCompile>
    <ClCompile Include="PrecompileHeader.cpp">
      <Filter>Etc</Filter>
    </ClCompile>
    <ClCompile Include="PlayerValue.cpp">
      <Filter>Global</Filter>
    </ClCompile>
    <ClCompile Include="Mouse.cpp">
      <Filter>Actor\UI</Filter>
    </ClCompile>
    <ClCompile Include="TitleObjects.cpp">
      <Filter>Actor\TitleActors</Filter>
    </ClCompile>
    <ClCompile Include="Logo.cpp">
      <Filter>Actor\TitleActors</Filter>
    </ClCompile>
    <ClCompile Include="Player.cpp">
      <Filter>Actor\Player</Filter>
    </ClCompile>
    <ClCompile Include="PlayerTexture.cpp">
      <Filter>Actor\Player</Filter>
    </ClCompile>
    <ClCompile Include="Level_BeginnersTown1.cpp">
      <Filter>Level</Filter>
    </ClCompile>
    <ClCompile Include="BeginnersTown1.cpp">
      <Filter>Actor\Map</Filter>
    </ClCompile>
    <ClCompile Include="PlayerAct.cpp">
      <Filter>Actor\Player</Filter>
    </ClCompile>
    <ClCompile Include="BottomBar.cpp">
      <Filter>Actor\UI</Filter>
    </ClCompile>
    <ClCompile Include="MiniMap.cpp">
      <Filter>Actor\UI</Filter>
    </ClCompile>
    <ClCompile Include="Hina.cpp">
      <Filter>Actor\NPC</Filter>
    </ClCompile>
    <ClCompile Include="Star.cpp">
      <Filter>Actor\Player\Object</Filter>
    </ClCompile>
    <ClCompile Include="SkillActor.cpp">
      <Filter>Actor\Player\Skill\Actor</Filter>
    </ClCompile>
    <ClCompile Include="BuffList.cpp">
      <Filter>Actor\Player\Skill\Actor</Filter>
    </ClCompile>
    <ClCompile Include="Passive.cpp">
      <Filter>Actor\Player\Skill\PlayerSkill</Filter>
    </ClCompile>
    <ClCompile Include="ActiveAttack.cpp">
      <Filter>Actor\Player\Skill\PlayerSkill</Filter>
    </ClCompile>
    <ClCompile Include="ActiveBuff.cpp">
      <Filter>Actor\Player\Skill\PlayerSkill</Filter>
    </ClCompile>
    <ClCompile Include="MonsterBasicFunction.cpp">
      <Filter>Actor\Monster</Filter>
    </ClCompile>
    <ClCompile Include="MonsterSpawnZone.cpp">
      <Filter>Actor\Map\Object</Filter>
    </ClCompile>
    <ClCompile Include="StarHitEffect.cpp">
      <Filter>Actor\Player\Object</Filter>
    </ClCompile>
    <ClCompile Include="ContentRenderer.cpp">
      <Filter>ContentRenderer</Filter>
    </ClCompile>
    <ClCompile Include="BeginnersTown2.cpp">
      <Filter>Actor\Map</Filter>
    </ClCompile>
    <ClCompile Include="Level_BeginnersTown2.cpp">
      <Filter>Level</Filter>
    </ClCompile>
    <ClCompile Include="Rozar.cpp">
      <Filter>Actor\NPC</Filter>
    </ClCompile>
    <ClCompile Include="Portal.cpp">
      <Filter>Actor\Map\Object</Filter>
    </ClCompile>
    <ClCompile Include="SkillWindow.cpp">
      <Filter>Actor\UI\Window\SkillWindow</Filter>
    </ClCompile>
    <ClCompile Include="SkillList.cpp">
      <Filter>Actor\UI\Window\SkillWindow</Filter>
    </ClCompile>
    <ClCompile Include="UIWindowManager.cpp">
      <Filter>Actor\UI\Window</Filter>
    </ClCompile>
    <ClCompile Include="QuickSlot.cpp">
      <Filter>Actor\UI</Filter>
    </ClCompile>
    <ClCompile Include="UIController.cpp">
      <Filter>Global</Filter>
    </ClCompile>
    <ClCompile Include="StatusWindow.cpp">
      <Filter>Actor\UI\Window\StatusWindow</Filter>
    </ClCompile>
    <ClCompile Include="InventoryWindow.cpp">
      <Filter>Actor\UI\Window\InventoryWindow</Filter>
    </ClCompile>
    <ClCompile Include="Item.cpp">
      <Filter>Actor\UI\Window\InventoryWindow</Filter>
    </ClCompile>
    <ClCompile Include="ItemList.cpp">
      <Filter>Actor\UI\Window\InventoryWindow</Filter>
    </ClCompile>
    <ClCompile Include="EquipWindow.cpp">
      <Filter>Actor\UI\Window\EquipWindow</Filter>
    </ClCompile>
    <ClCompile Include="EquipItemList.cpp">
      <Filter>Actor\UI\Window\EquipWindow</Filter>
    </ClCompile>
    <ClCompile Include="DropItem.cpp">
      <Filter>Actor\UI\Window\InventoryWindow</Filter>
    </ClCompile>
    <ClCompile Include="GlobalFunction.cpp">
      <Filter>Global</Filter>
    </ClCompile>
    <ClCompile Include="DamageRender.cpp">
      <Filter>Actor\Monster\DamageRender</Filter>
    </ClCompile>
    <ClCompile Include="Level_CrossRoad.cpp">
      <Filter>Level</Filter>
    </ClCompile>
    <ClCompile Include="CrossRoad.cpp">
      <Filter>Actor\Map</Filter>
    </ClCompile>
    <ClCompile Include="BasicFunction.cpp">
      <Filter>Util</Filter>
    </ClCompile>
    <ClCompile Include="ContentIME.cpp">
      <Filter>Etc\ContentIME</Filter>
    </ClCompile>
    <ClCompile Include="Level_AlterOfZakum.cpp">
      <Filter>Level</Filter>
    </ClCompile>
    <ClCompile Include="AlterOfZakum.cpp">
      <Filter>Actor\Map</Filter>
    </ClCompile>
    <ClCompile Include="ZakumRArm_0.cpp">
      <Filter>Actor\Monster\Boss</Filter>
    </ClCompile>
    <ClCompile Include="ZakumRArm_1.cpp">
      <Filter>Actor\Monster\Boss</Filter>
    </ClCompile>
    <ClCompile Include="ZakumRArm_2.cpp">
      <Filter>Actor\Monster\Boss</Filter>
    </ClCompile>
    <ClCompile Include="ZakumRArm_3.cpp">
      <Filter>Actor\Monster\Boss</Filter>
    </ClCompile>
    <ClCompile Include="ZakumLArm_0.cpp">
      <Filter>Actor\Monster\Boss</Filter>
    </ClCompile>
    <ClCompile Include="ZakumLArm_1.cpp">
      <Filter>Actor\Monster\Boss</Filter>
    </ClCompile>
    <ClCompile Include="ZakumLArm_2.cpp">
      <Filter>Actor\Monster\Boss</Filter>
    </ClCompile>
    <ClCompile Include="ZakumLArm_3.cpp">
      <Filter>Actor\Monster\Boss</Filter>
    </ClCompile>
    <ClCompile Include="ZakumBasicFunction.cpp">
      <Filter>Actor\Monster\Boss</Filter>
    </ClCompile>
    <ClCompile Include="StatusEffect.cpp">
      <Filter>Actor\Player</Filter>
    </ClCompile>
    <ClCompile Include="ContentUIRenderer.cpp">
      <Filter>ContentRenderer</Filter>
    </ClCompile>
    <ClCompile Include="GreenSnail.cpp">
      <Filter>Actor\Monster\Mob</Filter>
    </ClCompile>
    <ClCompile Include="Boogie.cpp">
      <Filter>Actor\Monster\Mob</Filter>
    </ClCompile>
    <ClCompile Include="SmallZakum0.cpp">
      <Filter>Actor\Monster\Mob</Filter>
    </ClCompile>
    <ClCompile Include="SmallZakum1.cpp">
      <Filter>Actor\Monster\Mob</Filter>
    </ClCompile>
    <ClCompile Include="SmallZakum2.cpp">
      <Filter>Actor\Monster\Mob</Filter>
    </ClCompile>
    <ClCompile Include="Zakum.cpp">
      <Filter>Actor\Monster\Boss\ZakumBody</Filter>
    </ClCompile>
    <ClCompile Include="ZakumPhase1.cpp">
      <Filter>Actor\Monster\Boss\ZakumBody</Filter>
    </ClCompile>
    <ClCompile Include="ZakumPhase2.cpp">
      <Filter>Actor\Monster\Boss\ZakumBody</Filter>
    </ClCompile>
    <ClCompile Include="ZakumPhase3.cpp">
      <Filter>Actor\Monster\Boss\ZakumBody</Filter>
    </ClCompile>
    <ClCompile Include="ContentFontRenderer.cpp">
      <Filter>ContentRenderer</Filter>
    </ClCompile>
    <ClCompile Include="ContentButton.cpp">
      <Filter>ContentRenderer</Filter>
    </ClCompile>
  </ItemGroup>
  <ItemGroup>
    <Filter Include="Level">
      <UniqueIdentifier>{9bdd7259-6a98-49a1-bf2c-ceb140b89aba}</UniqueIdentifier>
    </Filter>
    <Filter Include="Actor">
      <UniqueIdentifier>{7d874f87-79f2-48ce-8a89-dce9b0f9891b}</UniqueIdentifier>
    </Filter>
    <Filter Include="Core">
      <UniqueIdentifier>{fc99f389-d1c0-4ec1-8212-dbfecb87c461}</UniqueIdentifier>
    </Filter>
    <Filter Include="Etc">
      <UniqueIdentifier>{a0627e47-3bd2-4d18-a239-92efd5ada023}</UniqueIdentifier>
    </Filter>
    <Filter Include="Global">
      <UniqueIdentifier>{e59c36e9-5efc-41d4-b327-305974bc8460}</UniqueIdentifier>
    </Filter>
    <Filter Include="Util">
      <UniqueIdentifier>{33f83c1a-1b44-437b-b4f6-2dc22dfb6afe}</UniqueIdentifier>
    </Filter>
    <Filter Include="Actor\TitleActors">
      <UniqueIdentifier>{c2351875-d817-4aec-ad63-ed735405243d}</UniqueIdentifier>
    </Filter>
    <Filter Include="Actor\UI">
      <UniqueIdentifier>{280ec37f-b029-4b9e-af89-bd9692474b60}</UniqueIdentifier>
    </Filter>
    <Filter Include="Actor\Map">
      <UniqueIdentifier>{b2e85509-f8ad-4a5e-84e4-a72648b8cbd9}</UniqueIdentifier>
    </Filter>
    <Filter Include="Actor\Monster">
      <UniqueIdentifier>{4e9d07b1-cd20-411d-b357-672dc43466d4}</UniqueIdentifier>
    </Filter>
    <Filter Include="Actor\Player">
      <UniqueIdentifier>{72807388-c3ae-43c9-9a87-0a98cb9ca31a}</UniqueIdentifier>
    </Filter>
    <Filter Include="Actor\NPC">
      <UniqueIdentifier>{4d5496bd-67af-41c4-b5f3-7edf33df7af1}</UniqueIdentifier>
    </Filter>
    <Filter Include="Actor\Player\Object">
      <UniqueIdentifier>{4500fac2-765e-4ab2-b03a-dfec51ac279d}</UniqueIdentifier>
    </Filter>
    <Filter Include="Actor\Player\Skill">
      <UniqueIdentifier>{9a0bfba6-37c7-43a3-9530-0e43c663df84}</UniqueIdentifier>
    </Filter>
    <Filter Include="Actor\Player\Skill\Actor">
      <UniqueIdentifier>{392ffb0b-5f85-4027-a9fe-56d09980aa92}</UniqueIdentifier>
    </Filter>
    <Filter Include="Actor\Player\Skill\PlayerSkill">
      <UniqueIdentifier>{aefc431b-06e8-4c4a-910a-fd18932b06b4}</UniqueIdentifier>
    </Filter>
    <Filter Include="ContentRenderer">
      <UniqueIdentifier>{ffd2808d-cd9f-4ff9-8451-4538ac4c6bd2}</UniqueIdentifier>
    </Filter>
    <Filter Include="Actor\Map\Object">
      <UniqueIdentifier>{790e00c6-b83f-4562-b2ae-8e1deab76398}</UniqueIdentifier>
    </Filter>
    <Filter Include="Actor\UI\Window">
      <UniqueIdentifier>{500432ff-4952-48b0-8dd0-316d0efc0144}</UniqueIdentifier>
    </Filter>
    <Filter Include="Actor\UI\Window\SkillWindow">
      <UniqueIdentifier>{f50e2950-b5d5-431d-8055-b8b2dd2035e5}</UniqueIdentifier>
    </Filter>
    <Filter Include="Actor\UI\Window\StatusWindow">
      <UniqueIdentifier>{b4c6c02a-cad5-485a-a489-c84ed32be183}</UniqueIdentifier>
    </Filter>
    <Filter Include="Actor\UI\Window\InventoryWindow">
      <UniqueIdentifier>{6065042f-7b49-428e-9191-478ca36a7759}</UniqueIdentifier>
    </Filter>
    <Filter Include="Actor\UI\Window\EquipWindow">
      <UniqueIdentifier>{25a68dd2-35e5-4e11-95ce-9ca842555db7}</UniqueIdentifier>
    </Filter>
    <Filter Include="Actor\Monster\DamageRender">
      <UniqueIdentifier>{212a4ef0-94ce-4bdc-ba34-d22cc9fa42fd}</UniqueIdentifier>
    </Filter>
    <Filter Include="Etc\ContentIME">
      <UniqueIdentifier>{80d8fca1-3e43-4aeb-ac78-516f7a88bcf8}</UniqueIdentifier>
    </Filter>
    <Filter Include="Actor\Monster\Boss">
      <UniqueIdentifier>{ece51027-570d-4f12-b344-095882b292bd}</UniqueIdentifier>
    </Filter>
    <Filter Include="Actor\Monster\Mob">
      <UniqueIdentifier>{7a78c709-7ea7-4f3a-b9d2-375090b61dfc}</UniqueIdentifier>
    </Filter>
    <Filter Include="Actor\Monster\Boss\ZakumBody">
      <UniqueIdentifier>{a948a709-c62b-44cf-9531-5a152e455bc9}</UniqueIdentifier>
    </Filter>
  </ItemGroup>
</Project>