<?xml version="1.0" encoding="utf-8"?>
<Project ToolsVersion="4.0" xmlns="http://schemas.microsoft.com/developer/msbuild/2003">
  <ItemGroup>
    <ClInclude Include="Level_Title.h">
      <Filter>Level</Filter>
    </ClInclude>
    <ClInclude Include="MapleCore.h">
      <Filter>Core</Filter>
    </ClInclude>
    <ClInclude Include="PrecompileHeader.h">
      <Filter>Etc</Filter>
    </ClInclude>
    <ClInclude Include="PlayerValue.h">
      <Filter>Global</Filter>
    </ClInclude>
    <ClInclude Include="TitleObjects.h">
      <Filter>Actor\TitleActors</Filter>
    </ClInclude>
    <ClInclude Include="Mouse.h">
      <Filter>Actor\UI</Filter>
    </ClInclude>
    <ClInclude Include="Logo.h">
      <Filter>Actor\TitleActors</Filter>
    </ClInclude>
    <ClInclude Include="Player.h">
      <Filter>Actor\Player</Filter>
    </ClInclude>
    <ClInclude Include="Level_BeginnersTown1.h">
      <Filter>Level</Filter>
    </ClInclude>
    <ClInclude Include="BeginnersTown1.h">
      <Filter>Actor\Map</Filter>
    </ClInclude>
    <ClInclude Include="ContentEnums.h">
      <Filter>Global</Filter>
    </ClInclude>
    <ClInclude Include="BottomBar.h">
      <Filter>Actor\UI</Filter>
    </ClInclude>
    <ClInclude Include="StatusWindow.h">
      <Filter>Actor\UI</Filter>
    </ClInclude>
    <ClInclude Include="MiniMap.h">
      <Filter>Actor\UI</Filter>
    </ClInclude>
    <ClInclude Include="Hina.h">
      <Filter>Actor\NPC</Filter>
    </ClInclude>
    <ClInclude Include="Star.h">
      <Filter>Actor\Player\Object</Filter>
    </ClInclude>
  </ItemGroup>
  <ItemGroup>
    <ClCompile Include="Level_Title.cpp">
      <Filter>Level</Filter>
    </ClCompile>
    <ClCompile Include="MapleCore.cpp">
      <Filter>Core</Filter>
    </ClCompile>
    <ClCompile Include="PrecompileHeader.cpp">
      <Filter>Etc</Filter>
    </ClCompile>
    <ClCompile Include="PlayerValue.cpp">
      <Filter>Global</Filter>
    </ClCompile>
    <ClCompile Include="Mouse.cpp">
      <Filter>Actor\UI</Filter>
    </ClCompile>
    <ClCompile Include="TitleObjects.cpp">
      <Filter>Actor\TitleActors</Filter>
    </ClCompile>
    <ClCompile Include="Logo.cpp">
      <Filter>Actor\TitleActors</Filter>
    </ClCompile>
    <ClCompile Include="Player.cpp">
      <Filter>Actor\Player</Filter>
    </ClCompile>
    <ClCompile Include="PlayerTexture.cpp">
      <Filter>Actor\Player</Filter>
    </ClCompile>
    <ClCompile Include="Level_BeginnersTown1.cpp">
      <Filter>Level</Filter>
    </ClCompile>
    <ClCompile Include="BeginnersTown1.cpp">
      <Filter>Actor\Map</Filter>
    </ClCompile>
    <ClCompile Include="PlayerAct.cpp">
      <Filter>Actor\Player</Filter>
    </ClCompile>
    <ClCompile Include="BottomBar.cpp">
      <Filter>Actor\UI</Filter>
    </ClCompile>
    <ClCompile Include="StatusWindow.cpp">
      <Filter>Actor\UI</Filter>
    </ClCompile>
    <ClCompile Include="MiniMap.cpp">
      <Filter>Actor\UI</Filter>
    </ClCompile>
    <ClCompile Include="Hina.cpp">
      <Filter>Actor\NPC</Filter>
    </ClCompile>
    <ClCompile Include="Skill.cpp">
      <Filter>Actor\Player</Filter>
    </ClCompile>
    <ClCompile Include="Star.cpp">
      <Filter>Actor\Player\Object</Filter>
    </ClCompile>
  </ItemGroup>
  <ItemGroup>
    <Filter Include="Level">
      <UniqueIdentifier>{9bdd7259-6a98-49a1-bf2c-ceb140b89aba}</UniqueIdentifier>
    </Filter>
    <Filter Include="Actor">
      <UniqueIdentifier>{7d874f87-79f2-48ce-8a89-dce9b0f9891b}</UniqueIdentifier>
    </Filter>
    <Filter Include="Core">
      <UniqueIdentifier>{fc99f389-d1c0-4ec1-8212-dbfecb87c461}</UniqueIdentifier>
    </Filter>
    <Filter Include="Etc">
      <UniqueIdentifier>{a0627e47-3bd2-4d18-a239-92efd5ada023}</UniqueIdentifier>
    </Filter>
    <Filter Include="Global">
      <UniqueIdentifier>{e59c36e9-5efc-41d4-b327-305974bc8460}</UniqueIdentifier>
    </Filter>
    <Filter Include="Util">
      <UniqueIdentifier>{33f83c1a-1b44-437b-b4f6-2dc22dfb6afe}</UniqueIdentifier>
    </Filter>
    <Filter Include="Actor\TitleActors">
      <UniqueIdentifier>{c2351875-d817-4aec-ad63-ed735405243d}</UniqueIdentifier>
    </Filter>
    <Filter Include="Actor\UI">
      <UniqueIdentifier>{280ec37f-b029-4b9e-af89-bd9692474b60}</UniqueIdentifier>
    </Filter>
    <Filter Include="Actor\Map">
      <UniqueIdentifier>{b2e85509-f8ad-4a5e-84e4-a72648b8cbd9}</UniqueIdentifier>
    </Filter>
    <Filter Include="Actor\Monster">
      <UniqueIdentifier>{4e9d07b1-cd20-411d-b357-672dc43466d4}</UniqueIdentifier>
    </Filter>
    <Filter Include="Actor\Player">
      <UniqueIdentifier>{72807388-c3ae-43c9-9a87-0a98cb9ca31a}</UniqueIdentifier>
    </Filter>
    <Filter Include="Actor\NPC">
      <UniqueIdentifier>{4d5496bd-67af-41c4-b5f3-7edf33df7af1}</UniqueIdentifier>
    </Filter>
    <Filter Include="Actor\Player\Object">
      <UniqueIdentifier>{4500fac2-765e-4ab2-b03a-dfec51ac279d}</UniqueIdentifier>
    </Filter>
  </ItemGroup>
</Project>