
Microsoft Visual Studio Solution File, Format Version 12.00
# Visual Studio Version 17
VisualStudioVersion = 17.3.32929.385
MinimumVisualStudioVersion = 10.0.40219.1
Project("{8BC9CEB8-8B4A-11D0-8D11-00A0C91BC942}") = "App", "App\App.vcxproj", "{BE443224-137F-4607-B7A2-341434A69F06}"
	ProjectSection(ProjectDependencies) = postProject
		{883AC7D2-7BE5-4695-A5D8-E7E47D0A4047} = {883AC7D2-7BE5-4695-A5D8-E7E47D0A4047}
	EndProjectSection
EndProject
Project("{8BC9CEB8-8B4A-11D0-8D11-00A0C91BC942}") = "GameEngineBase", "GameEngineBase\GameEngineBase.vcxproj", "{A6E9BFEE-96EC-4FC9-9219-12202F5126CC}"
EndProject
Project("{8BC9CEB8-8B4A-11D0-8D11-00A0C91BC942}") = "GameEngineCore", "GameEngineCore\GameEngineCore.vcxproj", "{4FCB06A4-36BC-495F-8A16-1C25998007A2}"
EndProject
Project("{8BC9CEB8-8B4A-11D0-8D11-00A0C91BC942}") = "GameEnginePlatform", "GameEnginePlatform\GameEnginePlatform.vcxproj", "{012509BD-0610-46F2-BCEF-076C0828D24F}"
EndProject
Project("{2150E333-8FDC-42A3-9474-1A3956D46DE8}") = "Engine", "Engine", "{0A5639C6-4530-43A8-B335-AC401B244F54}"
EndProject
Project("{2150E333-8FDC-42A3-9474-1A3956D46DE8}") = "Contents", "Contents", "{AF9F4E83-CA16-4668-804F-D3953681FBA1}"
EndProject
Project("{2150E333-8FDC-42A3-9474-1A3956D46DE8}") = "Main", "Main", "{A485CA96-7668-424F-BF31-1035498E78D3}"
EndProject
Project("{2150E333-8FDC-42A3-9474-1A3956D46DE8}") = "Level0", "Level0", "{A85F2AB7-96E8-4D69-BC25-C83C4CBE9562}"
EndProject
Project("{2150E333-8FDC-42A3-9474-1A3956D46DE8}") = "Level1", "Level1", "{C9B82338-637D-4304-B234-6742AEF81DCD}"
EndProject
Project("{8BC9CEB8-8B4A-11D0-8D11-00A0C91BC942}") = "MapleCore", "MapleCore\MapleCore.vcxproj", "{883AC7D2-7BE5-4695-A5D8-E7E47D0A4047}"
	ProjectSection(ProjectDependencies) = postProject
		{012509BD-0610-46F2-BCEF-076C0828D24F} = {012509BD-0610-46F2-BCEF-076C0828D24F}
		{4FCB06A4-36BC-495F-8A16-1C25998007A2} = {4FCB06A4-36BC-495F-8A16-1C25998007A2}
		{A6E9BFEE-96EC-4FC9-9219-12202F5126CC} = {A6E9BFEE-96EC-4FC9-9219-12202F5126CC}
	EndProjectSection
EndProject
Project("{8BC9CEB8-8B4A-11D0-8D11-00A0C91BC942}") = "Shader", "EngineResources\Shader\Shader.vcxproj", "{3FCE524C-7862-4EC6-AF11-7BBF19FE0D15}"
EndProject
Project("{2150E333-8FDC-42A3-9474-1A3956D46DE8}") = "Shader", "Shader", "{ABA26DAD-B1B4-46C7-B045-F95C6DF17698}"
EndProject
Global
	GlobalSection(SolutionConfigurationPlatforms) = preSolution
		Debug|x64 = Debug|x64
		Debug|x86 = Debug|x86
		Release|x64 = Release|x64
		Release|x86 = Release|x86
	EndGlobalSection
	GlobalSection(ProjectConfigurationPlatforms) = postSolution
		{BE443224-137F-4607-B7A2-341434A69F06}.Debug|x64.ActiveCfg = Debug|x64
		{BE443224-137F-4607-B7A2-341434A69F06}.Debug|x64.Build.0 = Debug|x64
		{BE443224-137F-4607-B7A2-341434A69F06}.Debug|x86.ActiveCfg = Debug|Win32
		{BE443224-137F-4607-B7A2-341434A69F06}.Debug|x86.Build.0 = Debug|Win32
		{BE443224-137F-4607-B7A2-341434A69F06}.Release|x64.ActiveCfg = Release|x64
		{BE443224-137F-4607-B7A2-341434A69F06}.Release|x64.Build.0 = Release|x64
		{BE443224-137F-4607-B7A2-341434A69F06}.Release|x86.ActiveCfg = Release|Win32
		{BE443224-137F-4607-B7A2-341434A69F06}.Release|x86.Build.0 = Release|Win32
		{A6E9BFEE-96EC-4FC9-9219-12202F5126CC}.Debug|x64.ActiveCfg = Debug|x64
		{A6E9BFEE-96EC-4FC9-9219-12202F5126CC}.Debug|x64.Build.0 = Debug|x64
		{A6E9BFEE-96EC-4FC9-9219-12202F5126CC}.Debug|x86.ActiveCfg = Debug|Win32
		{A6E9BFEE-96EC-4FC9-9219-12202F5126CC}.Debug|x86.Build.0 = Debug|Win32
		{A6E9BFEE-96EC-4FC9-9219-12202F5126CC}.Release|x64.ActiveCfg = Release|x64
		{A6E9BFEE-96EC-4FC9-9219-12202F5126CC}.Release|x64.Build.0 = Release|x64
		{A6E9BFEE-96EC-4FC9-9219-12202F5126CC}.Release|x86.ActiveCfg = Release|Win32
		{A6E9BFEE-96EC-4FC9-9219-12202F5126CC}.Release|x86.Build.0 = Release|Win32
		{4FCB06A4-36BC-495F-8A16-1C25998007A2}.Debug|x64.ActiveCfg = Debug|x64
		{4FCB06A4-36BC-495F-8A16-1C25998007A2}.Debug|x64.Build.0 = Debug|x64
		{4FCB06A4-36BC-495F-8A16-1C25998007A2}.Debug|x86.ActiveCfg = Debug|Win32
		{4FCB06A4-36BC-495F-8A16-1C25998007A2}.Debug|x86.Build.0 = Debug|Win32
		{4FCB06A4-36BC-495F-8A16-1C25998007A2}.Release|x64.ActiveCfg = Release|x64
		{4FCB06A4-36BC-495F-8A16-1C25998007A2}.Release|x64.Build.0 = Release|x64
		{4FCB06A4-36BC-495F-8A16-1C25998007A2}.Release|x86.ActiveCfg = Release|Win32
		{4FCB06A4-36BC-495F-8A16-1C25998007A2}.Release|x86.Build.0 = Release|Win32
		{012509BD-0610-46F2-BCEF-076C0828D24F}.Debug|x64.ActiveCfg = Debug|x64
		{012509BD-0610-46F2-BCEF-076C0828D24F}.Debug|x64.Build.0 = Debug|x64
		{012509BD-0610-46F2-BCEF-076C0828D24F}.Debug|x86.ActiveCfg = Debug|Win32
		{012509BD-0610-46F2-BCEF-076C0828D24F}.Debug|x86.Build.0 = Debug|Win32
		{012509BD-0610-46F2-BCEF-076C0828D24F}.Release|x64.ActiveCfg = Release|x64
		{012509BD-0610-46F2-BCEF-076C0828D24F}.Release|x64.Build.0 = Release|x64
		{012509BD-0610-46F2-BCEF-076C0828D24F}.Release|x86.ActiveCfg = Release|Win32
		{012509BD-0610-46F2-BCEF-076C0828D24F}.Release|x86.Build.0 = Release|Win32
		{883AC7D2-7BE5-4695-A5D8-E7E47D0A4047}.Debug|x64.ActiveCfg = Debug|x64
		{883AC7D2-7BE5-4695-A5D8-E7E47D0A4047}.Debug|x64.Build.0 = Debug|x64
		{883AC7D2-7BE5-4695-A5D8-E7E47D0A4047}.Debug|x86.ActiveCfg = Debug|Win32
		{883AC7D2-7BE5-4695-A5D8-E7E47D0A4047}.Debug|x86.Build.0 = Debug|Win32
		{883AC7D2-7BE5-4695-A5D8-E7E47D0A4047}.Release|x64.ActiveCfg = Release|x64
		{883AC7D2-7BE5-4695-A5D8-E7E47D0A4047}.Release|x64.Build.0 = Release|x64
		{883AC7D2-7BE5-4695-A5D8-E7E47D0A4047}.Release|x86.ActiveCfg = Release|Win32
		{883AC7D2-7BE5-4695-A5D8-E7E47D0A4047}.Release|x86.Build.0 = Release|Win32
		{3FCE524C-7862-4EC6-AF11-7BBF19FE0D15}.Debug|x64.ActiveCfg = Debug|x64
		{3FCE524C-7862-4EC6-AF11-7BBF19FE0D15}.Debug|x64.Build.0 = Debug|x64
		{3FCE524C-7862-4EC6-AF11-7BBF19FE0D15}.Debug|x86.ActiveCfg = Debug|Win32
		{3FCE524C-7862-4EC6-AF11-7BBF19FE0D15}.Debug|x86.Build.0 = Debug|Win32
		{3FCE524C-7862-4EC6-AF11-7BBF19FE0D15}.Release|x64.ActiveCfg = Release|x64
		{3FCE524C-7862-4EC6-AF11-7BBF19FE0D15}.Release|x64.Build.0 = Release|x64
		{3FCE524C-7862-4EC6-AF11-7BBF19FE0D15}.Release|x86.ActiveCfg = Release|Win32
		{3FCE524C-7862-4EC6-AF11-7BBF19FE0D15}.Release|x86.Build.0 = Release|Win32
	EndGlobalSection
	GlobalSection(SolutionProperties) = preSolution
		HideSolutionNode = FALSE
	EndGlobalSection
	GlobalSection(NestedProjects) = preSolution
		{BE443224-137F-4607-B7A2-341434A69F06} = {A485CA96-7668-424F-BF31-1035498E78D3}
		{A6E9BFEE-96EC-4FC9-9219-12202F5126CC} = {A85F2AB7-96E8-4D69-BC25-C83C4CBE9562}
		{4FCB06A4-36BC-495F-8A16-1C25998007A2} = {C9B82338-637D-4304-B234-6742AEF81DCD}
		{012509BD-0610-46F2-BCEF-076C0828D24F} = {A85F2AB7-96E8-4D69-BC25-C83C4CBE9562}
		{A85F2AB7-96E8-4D69-BC25-C83C4CBE9562} = {0A5639C6-4530-43A8-B335-AC401B244F54}
		{C9B82338-637D-4304-B234-6742AEF81DCD} = {0A5639C6-4530-43A8-B335-AC401B244F54}
		{883AC7D2-7BE5-4695-A5D8-E7E47D0A4047} = {AF9F4E83-CA16-4668-804F-D3953681FBA1}
		{3FCE524C-7862-4EC6-AF11-7BBF19FE0D15} = {ABA26DAD-B1B4-46C7-B045-F95C6DF17698}
		{ABA26DAD-B1B4-46C7-B045-F95C6DF17698} = {C9B82338-637D-4304-B234-6742AEF81DCD}
	EndGlobalSection
	GlobalSection(ExtensibilityGlobals) = postSolution
		SolutionGuid = {44CB07B0-6CC4-45A7-B28B-8D70078E5EE0}
	EndGlobalSection
EndGlobal
