
Microsoft Visual Studio Solution File, Format Version 12.00
# Visual Studio Version 17
VisualStudioVersion = 17.3.32929.385
MinimumVisualStudioVersion = 10.0.40219.1
Project("{8BC9CEB8-8B4A-11D0-8D11-00A0C91BC942}") = "Main", "Main\Main.vcxproj", "{64448983-47D8-4033-A207-C891243F1083}"
	ProjectSection(ProjectDependencies) = postProject
		{012509BD-0610-46F2-BCEF-076C0828D24F} = {012509BD-0610-46F2-BCEF-076C0828D24F}
		{4FCB06A4-36BC-495F-8A16-1C25998007A2} = {4FCB06A4-36BC-495F-8A16-1C25998007A2}
		{A6E9BFEE-96EC-4FC9-9219-12202F5126CC} = {A6E9BFEE-96EC-4FC9-9219-12202F5126CC}
	EndProjectSection
EndProject
Project("{8BC9CEB8-8B4A-11D0-8D11-00A0C91BC942}") = "GameEngineBase", "GameEngineBase\GameEngineBase.vcxproj", "{A6E9BFEE-96EC-4FC9-9219-12202F5126CC}"
EndProject
Project("{8BC9CEB8-8B4A-11D0-8D11-00A0C91BC942}") = "GameEnginePlatform", "GameEnginePlatform\GameEnginePlatform.vcxproj", "{012509BD-0610-46F2-BCEF-076C0828D24F}"
EndProject
Project("{8BC9CEB8-8B4A-11D0-8D11-00A0C91BC942}") = "GameEngineCore", "GameEngineCore\GameEngineCore.vcxproj", "{4FCB06A4-36BC-495F-8A16-1C25998007A2}"
EndProject
Project("{2150E333-8FDC-42A3-9474-1A3956D46DE8}") = "Level0", "Level0", "{DA10BC2B-ABF0-46D3-8CD6-31E2E40CA525}"
EndProject
Project("{2150E333-8FDC-42A3-9474-1A3956D46DE8}") = "Engine", "Engine", "{D0567979-DB8F-48F6-8B4C-7C173327DF08}"
EndProject
Project("{2150E333-8FDC-42A3-9474-1A3956D46DE8}") = "Level1", "Level1", "{504287FD-2A43-4E4D-9B40-FB069E96805C}"
EndProject
Project("{2150E333-8FDC-42A3-9474-1A3956D46DE8}") = "App", "App", "{FDAAB91D-5C78-47A1-BABD-13137F261420}"
EndProject
Project("{2150E333-8FDC-42A3-9474-1A3956D46DE8}") = "Contents", "Contents", "{0A8F4300-C5F0-45CF-BB69-4CB225C58BE9}"
EndProject
Project("{8BC9CEB8-8B4A-11D0-8D11-00A0C91BC942}") = "GameEngineContents", "GameEngineContents\GameEngineContents.vcxproj", "{4490EF40-57F9-4DD5-A515-76CA521A7E60}"
	ProjectSection(ProjectDependencies) = postProject
		{012509BD-0610-46F2-BCEF-076C0828D24F} = {012509BD-0610-46F2-BCEF-076C0828D24F}
		{4FCB06A4-36BC-495F-8A16-1C25998007A2} = {4FCB06A4-36BC-495F-8A16-1C25998007A2}
		{A6E9BFEE-96EC-4FC9-9219-12202F5126CC} = {A6E9BFEE-96EC-4FC9-9219-12202F5126CC}
	EndProjectSection
EndProject
Global
	GlobalSection(SolutionConfigurationPlatforms) = preSolution
		Debug|x64 = Debug|x64
		Debug|x86 = Debug|x86
		Release|x64 = Release|x64
		Release|x86 = Release|x86
	EndGlobalSection
	GlobalSection(ProjectConfigurationPlatforms) = postSolution
		{64448983-47D8-4033-A207-C891243F1083}.Debug|x64.ActiveCfg = Debug|x64
		{64448983-47D8-4033-A207-C891243F1083}.Debug|x64.Build.0 = Debug|x64
		{64448983-47D8-4033-A207-C891243F1083}.Debug|x86.ActiveCfg = Debug|Win32
		{64448983-47D8-4033-A207-C891243F1083}.Debug|x86.Build.0 = Debug|Win32
		{64448983-47D8-4033-A207-C891243F1083}.Release|x64.ActiveCfg = Release|x64
		{64448983-47D8-4033-A207-C891243F1083}.Release|x64.Build.0 = Release|x64
		{64448983-47D8-4033-A207-C891243F1083}.Release|x86.ActiveCfg = Release|Win32
		{64448983-47D8-4033-A207-C891243F1083}.Release|x86.Build.0 = Release|Win32
		{A6E9BFEE-96EC-4FC9-9219-12202F5126CC}.Debug|x64.ActiveCfg = Debug|x64
		{A6E9BFEE-96EC-4FC9-9219-12202F5126CC}.Debug|x64.Build.0 = Debug|x64
		{A6E9BFEE-96EC-4FC9-9219-12202F5126CC}.Debug|x86.ActiveCfg = Debug|Win32
		{A6E9BFEE-96EC-4FC9-9219-12202F5126CC}.Debug|x86.Build.0 = Debug|Win32
		{A6E9BFEE-96EC-4FC9-9219-12202F5126CC}.Release|x64.ActiveCfg = Release|x64
		{A6E9BFEE-96EC-4FC9-9219-12202F5126CC}.Release|x64.Build.0 = Release|x64
		{A6E9BFEE-96EC-4FC9-9219-12202F5126CC}.Release|x86.ActiveCfg = Release|Win32
		{A6E9BFEE-96EC-4FC9-9219-12202F5126CC}.Release|x86.Build.0 = Release|Win32
		{012509BD-0610-46F2-BCEF-076C0828D24F}.Debug|x64.ActiveCfg = Debug|x64
		{012509BD-0610-46F2-BCEF-076C0828D24F}.Debug|x64.Build.0 = Debug|x64
		{012509BD-0610-46F2-BCEF-076C0828D24F}.Debug|x86.ActiveCfg = Debug|Win32
		{012509BD-0610-46F2-BCEF-076C0828D24F}.Debug|x86.Build.0 = Debug|Win32
		{012509BD-0610-46F2-BCEF-076C0828D24F}.Release|x64.ActiveCfg = Release|x64
		{012509BD-0610-46F2-BCEF-076C0828D24F}.Release|x64.Build.0 = Release|x64
		{012509BD-0610-46F2-BCEF-076C0828D24F}.Release|x86.ActiveCfg = Release|Win32
		{012509BD-0610-46F2-BCEF-076C0828D24F}.Release|x86.Build.0 = Release|Win32
		{4FCB06A4-36BC-495F-8A16-1C25998007A2}.Debug|x64.ActiveCfg = Debug|x64
		{4FCB06A4-36BC-495F-8A16-1C25998007A2}.Debug|x64.Build.0 = Debug|x64
		{4FCB06A4-36BC-495F-8A16-1C25998007A2}.Debug|x86.ActiveCfg = Debug|Win32
		{4FCB06A4-36BC-495F-8A16-1C25998007A2}.Debug|x86.Build.0 = Debug|Win32
		{4FCB06A4-36BC-495F-8A16-1C25998007A2}.Release|x64.ActiveCfg = Release|x64
		{4FCB06A4-36BC-495F-8A16-1C25998007A2}.Release|x64.Build.0 = Release|x64
		{4FCB06A4-36BC-495F-8A16-1C25998007A2}.Release|x86.ActiveCfg = Release|Win32
		{4FCB06A4-36BC-495F-8A16-1C25998007A2}.Release|x86.Build.0 = Release|Win32
		{4490EF40-57F9-4DD5-A515-76CA521A7E60}.Debug|x64.ActiveCfg = Debug|x64
		{4490EF40-57F9-4DD5-A515-76CA521A7E60}.Debug|x64.Build.0 = Debug|x64
		{4490EF40-57F9-4DD5-A515-76CA521A7E60}.Debug|x86.ActiveCfg = Debug|Win32
		{4490EF40-57F9-4DD5-A515-76CA521A7E60}.Debug|x86.Build.0 = Debug|Win32
		{4490EF40-57F9-4DD5-A515-76CA521A7E60}.Release|x64.ActiveCfg = Release|x64
		{4490EF40-57F9-4DD5-A515-76CA521A7E60}.Release|x64.Build.0 = Release|x64
		{4490EF40-57F9-4DD5-A515-76CA521A7E60}.Release|x86.ActiveCfg = Release|Win32
		{4490EF40-57F9-4DD5-A515-76CA521A7E60}.Release|x86.Build.0 = Release|Win32
	EndGlobalSection
	GlobalSection(SolutionProperties) = preSolution
		HideSolutionNode = FALSE
	EndGlobalSection
	GlobalSection(NestedProjects) = preSolution
		{64448983-47D8-4033-A207-C891243F1083} = {FDAAB91D-5C78-47A1-BABD-13137F261420}
		{A6E9BFEE-96EC-4FC9-9219-12202F5126CC} = {DA10BC2B-ABF0-46D3-8CD6-31E2E40CA525}
		{012509BD-0610-46F2-BCEF-076C0828D24F} = {DA10BC2B-ABF0-46D3-8CD6-31E2E40CA525}
		{4FCB06A4-36BC-495F-8A16-1C25998007A2} = {504287FD-2A43-4E4D-9B40-FB069E96805C}
		{DA10BC2B-ABF0-46D3-8CD6-31E2E40CA525} = {D0567979-DB8F-48F6-8B4C-7C173327DF08}
		{504287FD-2A43-4E4D-9B40-FB069E96805C} = {D0567979-DB8F-48F6-8B4C-7C173327DF08}
		{4490EF40-57F9-4DD5-A515-76CA521A7E60} = {0A8F4300-C5F0-45CF-BB69-4CB225C58BE9}
	EndGlobalSection
	GlobalSection(ExtensibilityGlobals) = postSolution
		SolutionGuid = {598F0B9D-4E84-45C3-91AB-1A6FB362EAB4}
	EndGlobalSection
EndGlobal
