
Microsoft Visual Studio Solution File, Format Version 12.00
# Visual Studio Version 17
VisualStudioVersion = 17.3.32929.385
MinimumVisualStudioVersion = 10.0.40219.1
Project("{8BC9CEB8-8B4A-11D0-8D11-00A0C91BC942}") = "GameEngineBase", "GameEngineBase\GameEngineBase.vcxproj", "{A6E9BFEE-96EC-4FC9-9219-12202F5126CC}"
EndProject
Project("{8BC9CEB8-8B4A-11D0-8D11-00A0C91BC942}") = "GameEnginePlatform", "GameEnginePlatform\GameEnginePlatform.vcxproj", "{012509BD-0610-46F2-BCEF-076C0828D24F}"
	ProjectSection(ProjectDependencies) = postProject
		{A6E9BFEE-96EC-4FC9-9219-12202F5126CC} = {A6E9BFEE-96EC-4FC9-9219-12202F5126CC}
	EndProjectSection
EndProject
Project("{8BC9CEB8-8B4A-11D0-8D11-00A0C91BC942}") = "MainApp", "MainApp\MainApp.vcxproj", "{FDA5745C-9699-4DF2-ACD3-75554A7A3EA5}"
	ProjectSection(ProjectDependencies) = postProject
		{012509BD-0610-46F2-BCEF-076C0828D24F} = {012509BD-0610-46F2-BCEF-076C0828D24F}
		{214484C8-14B4-4294-83FC-6CA0C00C0E26} = {214484C8-14B4-4294-83FC-6CA0C00C0E26}
		{A6E9BFEE-96EC-4FC9-9219-12202F5126CC} = {A6E9BFEE-96EC-4FC9-9219-12202F5126CC}
	EndProjectSection
EndProject
Project("{2150E333-8FDC-42A3-9474-1A3956D46DE8}") = "Engine", "Engine", "{B050D940-BDAB-484F-A467-A2207DA74A52}"
EndProject
Project("{2150E333-8FDC-42A3-9474-1A3956D46DE8}") = "Level0", "Level0", "{1958296C-6BAF-4D8A-8563-AB7A151E0216}"
EndProject
Project("{2150E333-8FDC-42A3-9474-1A3956D46DE8}") = "Level1", "Level1", "{8CD52AD9-BC70-47C6-BD10-340C6239EBFE}"
EndProject
Project("{2150E333-8FDC-42A3-9474-1A3956D46DE8}") = "Main", "Main", "{812B0A71-F502-479A-ADDC-8806217C5C16}"
EndProject
Project("{8BC9CEB8-8B4A-11D0-8D11-00A0C91BC942}") = "GameEngineCore", "GameEngineCore\GameEngineCore.vcxproj", "{214484C8-14B4-4294-83FC-6CA0C00C0E26}"
	ProjectSection(ProjectDependencies) = postProject
		{012509BD-0610-46F2-BCEF-076C0828D24F} = {012509BD-0610-46F2-BCEF-076C0828D24F}
		{A6E9BFEE-96EC-4FC9-9219-12202F5126CC} = {A6E9BFEE-96EC-4FC9-9219-12202F5126CC}
	EndProjectSection
EndProject
Project("{2150E333-8FDC-42A3-9474-1A3956D46DE8}") = "Contents", "Contents", "{10C126CE-C760-4E06-A186-A6D628256043}"
EndProject
Project("{8BC9CEB8-8B4A-11D0-8D11-00A0C91BC942}") = "GameEngineContents", "GameEngineContents\GameEngineContents.vcxproj", "{3576ACCF-0F68-4981-9EB0-B834414EBDC7}"
	ProjectSection(ProjectDependencies) = postProject
		{012509BD-0610-46F2-BCEF-076C0828D24F} = {012509BD-0610-46F2-BCEF-076C0828D24F}
		{214484C8-14B4-4294-83FC-6CA0C00C0E26} = {214484C8-14B4-4294-83FC-6CA0C00C0E26}
		{A6E9BFEE-96EC-4FC9-9219-12202F5126CC} = {A6E9BFEE-96EC-4FC9-9219-12202F5126CC}
	EndProjectSection
EndProject
Global
	GlobalSection(SolutionConfigurationPlatforms) = preSolution
		Debug|x64 = Debug|x64
		Debug|x86 = Debug|x86
		Release|x64 = Release|x64
		Release|x86 = Release|x86
	EndGlobalSection
	GlobalSection(ProjectConfigurationPlatforms) = postSolution
		{A6E9BFEE-96EC-4FC9-9219-12202F5126CC}.Debug|x64.ActiveCfg = Debug|x64
		{A6E9BFEE-96EC-4FC9-9219-12202F5126CC}.Debug|x64.Build.0 = Debug|x64
		{A6E9BFEE-96EC-4FC9-9219-12202F5126CC}.Debug|x86.ActiveCfg = Debug|Win32
		{A6E9BFEE-96EC-4FC9-9219-12202F5126CC}.Debug|x86.Build.0 = Debug|Win32
		{A6E9BFEE-96EC-4FC9-9219-12202F5126CC}.Release|x64.ActiveCfg = Release|x64
		{A6E9BFEE-96EC-4FC9-9219-12202F5126CC}.Release|x64.Build.0 = Release|x64
		{A6E9BFEE-96EC-4FC9-9219-12202F5126CC}.Release|x86.ActiveCfg = Release|Win32
		{A6E9BFEE-96EC-4FC9-9219-12202F5126CC}.Release|x86.Build.0 = Release|Win32
		{012509BD-0610-46F2-BCEF-076C0828D24F}.Debug|x64.ActiveCfg = Debug|x64
		{012509BD-0610-46F2-BCEF-076C0828D24F}.Debug|x64.Build.0 = Debug|x64
		{012509BD-0610-46F2-BCEF-076C0828D24F}.Debug|x86.ActiveCfg = Debug|Win32
		{012509BD-0610-46F2-BCEF-076C0828D24F}.Debug|x86.Build.0 = Debug|Win32
		{012509BD-0610-46F2-BCEF-076C0828D24F}.Release|x64.ActiveCfg = Release|x64
		{012509BD-0610-46F2-BCEF-076C0828D24F}.Release|x64.Build.0 = Release|x64
		{012509BD-0610-46F2-BCEF-076C0828D24F}.Release|x86.ActiveCfg = Release|Win32
		{012509BD-0610-46F2-BCEF-076C0828D24F}.Release|x86.Build.0 = Release|Win32
		{FDA5745C-9699-4DF2-ACD3-75554A7A3EA5}.Debug|x64.ActiveCfg = Debug|x64
		{FDA5745C-9699-4DF2-ACD3-75554A7A3EA5}.Debug|x64.Build.0 = Debug|x64
		{FDA5745C-9699-4DF2-ACD3-75554A7A3EA5}.Debug|x86.ActiveCfg = Debug|Win32
		{FDA5745C-9699-4DF2-ACD3-75554A7A3EA5}.Debug|x86.Build.0 = Debug|Win32
		{FDA5745C-9699-4DF2-ACD3-75554A7A3EA5}.Release|x64.ActiveCfg = Release|x64
		{FDA5745C-9699-4DF2-ACD3-75554A7A3EA5}.Release|x64.Build.0 = Release|x64
		{FDA5745C-9699-4DF2-ACD3-75554A7A3EA5}.Release|x86.ActiveCfg = Release|Win32
		{FDA5745C-9699-4DF2-ACD3-75554A7A3EA5}.Release|x86.Build.0 = Release|Win32
		{214484C8-14B4-4294-83FC-6CA0C00C0E26}.Debug|x64.ActiveCfg = Debug|x64
		{214484C8-14B4-4294-83FC-6CA0C00C0E26}.Debug|x64.Build.0 = Debug|x64
		{214484C8-14B4-4294-83FC-6CA0C00C0E26}.Debug|x86.ActiveCfg = Debug|Win32
		{214484C8-14B4-4294-83FC-6CA0C00C0E26}.Debug|x86.Build.0 = Debug|Win32
		{214484C8-14B4-4294-83FC-6CA0C00C0E26}.Release|x64.ActiveCfg = Release|x64
		{214484C8-14B4-4294-83FC-6CA0C00C0E26}.Release|x64.Build.0 = Release|x64
		{214484C8-14B4-4294-83FC-6CA0C00C0E26}.Release|x86.ActiveCfg = Release|Win32
		{214484C8-14B4-4294-83FC-6CA0C00C0E26}.Release|x86.Build.0 = Release|Win32
		{3576ACCF-0F68-4981-9EB0-B834414EBDC7}.Debug|x64.ActiveCfg = Debug|x64
		{3576ACCF-0F68-4981-9EB0-B834414EBDC7}.Debug|x64.Build.0 = Debug|x64
		{3576ACCF-0F68-4981-9EB0-B834414EBDC7}.Debug|x86.ActiveCfg = Debug|Win32
		{3576ACCF-0F68-4981-9EB0-B834414EBDC7}.Debug|x86.Build.0 = Debug|Win32
		{3576ACCF-0F68-4981-9EB0-B834414EBDC7}.Release|x64.ActiveCfg = Release|x64
		{3576ACCF-0F68-4981-9EB0-B834414EBDC7}.Release|x64.Build.0 = Release|x64
		{3576ACCF-0F68-4981-9EB0-B834414EBDC7}.Release|x86.ActiveCfg = Release|Win32
		{3576ACCF-0F68-4981-9EB0-B834414EBDC7}.Release|x86.Build.0 = Release|Win32
	EndGlobalSection
	GlobalSection(SolutionProperties) = preSolution
		HideSolutionNode = FALSE
	EndGlobalSection
	GlobalSection(NestedProjects) = preSolution
		{A6E9BFEE-96EC-4FC9-9219-12202F5126CC} = {1958296C-6BAF-4D8A-8563-AB7A151E0216}
		{012509BD-0610-46F2-BCEF-076C0828D24F} = {1958296C-6BAF-4D8A-8563-AB7A151E0216}
		{FDA5745C-9699-4DF2-ACD3-75554A7A3EA5} = {812B0A71-F502-479A-ADDC-8806217C5C16}
		{1958296C-6BAF-4D8A-8563-AB7A151E0216} = {B050D940-BDAB-484F-A467-A2207DA74A52}
		{8CD52AD9-BC70-47C6-BD10-340C6239EBFE} = {B050D940-BDAB-484F-A467-A2207DA74A52}
		{214484C8-14B4-4294-83FC-6CA0C00C0E26} = {8CD52AD9-BC70-47C6-BD10-340C6239EBFE}
		{3576ACCF-0F68-4981-9EB0-B834414EBDC7} = {10C126CE-C760-4E06-A186-A6D628256043}
	EndGlobalSection
	GlobalSection(ExtensibilityGlobals) = postSolution
		SolutionGuid = {2108791D-764B-4370-8195-87B94D626DD9}
	EndGlobalSection
EndGlobal
